// !$*UTF8*$!
{
	archiveVersion = 1;
	classes = {
	};
	objectVersion = 50;
	objects = {

/* Begin PBXBuildFile section */
		C1AC1FAC22772658003E0734 /* AppDelegate.swift in Sources */ = {isa = PBXBuildFile; fileRef = C1AC1FAB22772658003E0734 /* AppDelegate.swift */; };
		C1AC1FAE22772658003E0734 /* ViewController.swift in Sources */ = {isa = PBXBuildFile; fileRef = C1AC1FAD22772658003E0734 /* ViewController.swift */; };
		C1AC1FB122772658003E0734 /* Main.storyboard in Resources */ = {isa = PBXBuildFile; fileRef = C1AC1FAF22772658003E0734 /* Main.storyboard */; };
		C1AC1FB32277265A003E0734 /* Assets.xcassets in Resources */ = {isa = PBXBuildFile; fileRef = C1AC1FB22277265A003E0734 /* Assets.xcassets */; };
		C1AC1FB62277265A003E0734 /* LaunchScreen.storyboard in Resources */ = {isa = PBXBuildFile; fileRef = C1AC1FB42277265A003E0734 /* LaunchScreen.storyboard */; };
		C1AC1FC12277265A003E0734 /* XellissimeBookTests.swift in Sources */ = {isa = PBXBuildFile; fileRef = C1AC1FC02277265A003E0734 /* XellissimeBookTests.swift */; };
/* End PBXBuildFile section */

/* Begin PBXContainerItemProxy section */
		C1AC1FBD2277265A003E0734 /* PBXContainerItemProxy */ = {
			isa = PBXContainerItemProxy;
			containerPortal = C1AC1FA022772658003E0734 /* Project object */;
			proxyType = 1;
			remoteGlobalIDString = C1AC1FA722772658003E0734;
			remoteInfo = XellissimeBook;
		};
/* End PBXContainerItemProxy section */

/* Begin PBXFileReference section */
		C1AC1FA822772658003E0734 /* XellissimeBook.app */ = {isa = PBXFileReference; explicitFileType = wrapper.application; includeInIndex = 0; path = XellissimeBook.app; sourceTree = BUILT_PRODUCTS_DIR; };
		C1AC1FAB22772658003E0734 /* AppDelegate.swift */ = {isa = PBXFileReference; lastKnownFileType = sourcecode.swift; path = AppDelegate.swift; sourceTree = "<group>"; };
		C1AC1FAD22772658003E0734 /* ViewController.swift */ = {isa = PBXFileReference; lastKnownFileType = sourcecode.swift; path = ViewController.swift; sourceTree = "<group>"; };
		C1AC1FB022772658003E0734 /* Base */ = {isa = PBXFileReference; lastKnownFileType = file.storyboard; name = Base; path = Base.lproj/Main.storyboard; sourceTree = "<group>"; };
		C1AC1FB22277265A003E0734 /* Assets.xcassets */ = {isa = PBXFileReference; lastKnownFileType = folder.assetcatalog; path = Assets.xcassets; sourceTree = "<group>"; };
		C1AC1FB52277265A003E0734 /* Base */ = {isa = PBXFileReference; lastKnownFileType = file.storyboard; name = Base; path = Base.lproj/LaunchScreen.storyboard; sourceTree = "<group>"; };
		C1AC1FB72277265A003E0734 /* Info.plist */ = {isa = PBXFileReference; lastKnownFileType = text.plist.xml; path = Info.plist; sourceTree = "<group>"; };
		C1AC1FBC2277265A003E0734 /* XellissimeBookTests.xctest */ = {isa = PBXFileReference; explicitFileType = wrapper.cfbundle; includeInIndex = 0; path = XellissimeBookTests.xctest; sourceTree = BUILT_PRODUCTS_DIR; };
		C1AC1FC02277265A003E0734 /* XellissimeBookTests.swift */ = {isa = PBXFileReference; lastKnownFileType = sourcecode.swift; path = XellissimeBookTests.swift; sourceTree = "<group>"; };
		C1AC1FC22277265A003E0734 /* Info.plist */ = {isa = PBXFileReference; lastKnownFileType = text.plist.xml; path = Info.plist; sourceTree = "<group>"; };
/* End PBXFileReference section */

/* Begin PBXFrameworksBuildPhase section */
		C1AC1FA522772658003E0734 /* Frameworks */ = {
			isa = PBXFrameworksBuildPhase;
			buildActionMask = 2147483647;
			files = (
			);
			runOnlyForDeploymentPostprocessing = 0;
		};
		C1AC1FB92277265A003E0734 /* Frameworks */ = {
			isa = PBXFrameworksBuildPhase;
			buildActionMask = 2147483647;
			files = (
			);
			runOnlyForDeploymentPostprocessing = 0;
		};
/* End PBXFrameworksBuildPhase section */

/* Begin PBXGroup section */
		C1AC1F9F22772658003E0734 = {
			isa = PBXGroup;
			children = (
				C1AC1FAA22772658003E0734 /* XellissimeBook */,
				C1AC1FBF2277265A003E0734 /* XellissimeBookTests */,
				C1AC1FA922772658003E0734 /* Products */,
			);
			sourceTree = "<group>";
		};
		C1AC1FA922772658003E0734 /* Products */ = {
			isa = PBXGroup;
			children = (
				C1AC1FA822772658003E0734 /* XellissimeBook.app */,
				C1AC1FBC2277265A003E0734 /* XellissimeBookTests.xctest */,
			);
			name = Products;
			sourceTree = "<group>";
		};
		C1AC1FAA22772658003E0734 /* XellissimeBook */ = {
			isa = PBXGroup;
			children = (
				C1AC1FAB22772658003E0734 /* AppDelegate.swift */,
				C1AC1FAD22772658003E0734 /* ViewController.swift */,
				C1AC1FAF22772658003E0734 /* Main.storyboard */,
				C1AC1FB22277265A003E0734 /* Assets.xcassets */,
				C1AC1FB42277265A003E0734 /* LaunchScreen.storyboard */,
				C1AC1FB72277265A003E0734 /* Info.plist */,
			);
			path = XellissimeBook;
			sourceTree = "<group>";
		};
		C1AC1FBF2277265A003E0734 /* XellissimeBookTests */ = {
			isa = PBXGroup;
			children = (
				C1AC1FC02277265A003E0734 /* XellissimeBookTests.swift */,
				C1AC1FC22277265A003E0734 /* Info.plist */,
			);
			path = XellissimeBookTests;
			sourceTree = "<group>";
		};
/* End PBXGroup section */

/* Begin PBXNativeTarget section */
		C1AC1FA722772658003E0734 /* XellissimeBook */ = {
			isa = PBXNativeTarget;
			buildConfigurationList = C1AC1FC52277265A003E0734 /* Build configuration list for PBXNativeTarget "XellissimeBook" */;
			buildPhases = (
				C1AC1FA422772658003E0734 /* Sources */,
				C1AC1FA522772658003E0734 /* Frameworks */,
				C1AC1FA622772658003E0734 /* Resources */,
			);
			buildRules = (
			);
			dependencies = (
			);
			name = XellissimeBook;
			productName = XellissimeBook;
			productReference = C1AC1FA822772658003E0734 /* XellissimeBook.app */;
			productType = "com.apple.product-type.application";
		};
		C1AC1FBB2277265A003E0734 /* XellissimeBookTests */ = {
			isa = PBXNativeTarget;
			buildConfigurationList = C1AC1FC82277265A003E0734 /* Build configuration list for PBXNativeTarget "XellissimeBookTests" */;
			buildPhases = (
				C1AC1FB82277265A003E0734 /* Sources */,
				C1AC1FB92277265A003E0734 /* Frameworks */,
				C1AC1FBA2277265A003E0734 /* Resources */,
			);
			buildRules = (
			);
			dependencies = (
				C1AC1FBE2277265A003E0734 /* PBXTargetDependency */,
			);
			name = XellissimeBookTests;
			productName = XellissimeBookTests;
			productReference = C1AC1FBC2277265A003E0734 /* XellissimeBookTests.xctest */;
			productType = "com.apple.product-type.bundle.unit-test";
		};
/* End PBXNativeTarget section */

/* Begin PBXProject section */
		C1AC1FA022772658003E0734 /* Project object */ = {
			isa = PBXProject;
			attributes = {
				LastSwiftUpdateCheck = 1020;
				LastUpgradeCheck = 1020;
				ORGANIZATIONNAME = GROSSON;
				TargetAttributes = {
					C1AC1FA722772658003E0734 = {
						CreatedOnToolsVersion = 10.2.1;
					};
					C1AC1FBB2277265A003E0734 = {
						CreatedOnToolsVersion = 10.2.1;
						TestTargetID = C1AC1FA722772658003E0734;
					};
				};
			};
			buildConfigurationList = C1AC1FA322772658003E0734 /* Build configuration list for PBXProject "XellissimeBook" */;
			compatibilityVersion = "Xcode 9.3";
			developmentRegion = en;
			hasScannedForEncodings = 0;
			knownRegions = (
				en,
				Base,
			);
			mainGroup = C1AC1F9F22772658003E0734;
			productRefGroup = C1AC1FA922772658003E0734 /* Products */;
			projectDirPath = "";
			projectRoot = "";
			targets = (
				C1AC1FA722772658003E0734 /* XellissimeBook */,
				C1AC1FBB2277265A003E0734 /* XellissimeBookTests */,
			);
		};
/* End PBXProject section */

/* Begin PBXResourcesBuildPhase section */
		C1AC1FA622772658003E0734 /* Resources */ = {
			isa = PBXResourcesBuildPhase;
			buildActionMask = 2147483647;
			files = (
				C1AC1FB62277265A003E0734 /* LaunchScreen.storyboard in Resources */,
				C1AC1FB32277265A003E0734 /* Assets.xcassets in Resources */,
				C1AC1FB122772658003E0734 /* Main.storyboard in Resources */,
			);
			runOnlyForDeploymentPostprocessing = 0;
		};
		C1AC1FBA2277265A003E0734 /* Resources */ = {
			isa = PBXResourcesBuildPhase;
			buildActionMask = 2147483647;
			files = (
			);
			runOnlyForDeploymentPostprocessing = 0;
		};
/* End PBXResourcesBuildPhase section */

/* Begin PBXSourcesBuildPhase section */
		C1AC1FA422772658003E0734 /* Sources */ = {
			isa = PBXSourcesBuildPhase;
			buildActionMask = 2147483647;
			files = (
				C1AC1FAE22772658003E0734 /* ViewController.swift in Sources */,
				C1AC1FAC22772658003E0734 /* AppDelegate.swift in Sources */,
			);
			runOnlyForDeploymentPostprocessing = 0;
		};
		C1AC1FB82277265A003E0734 /* Sources */ = {
			isa = PBXSourcesBuildPhase;
			buildActionMask = 2147483647;
			files = (
				C1AC1FC12277265A003E0734 /* XellissimeBookTests.swift in Sources */,
			);
			runOnlyForDeploymentPostprocessing = 0;
		};
/* End PBXSourcesBuildPhase section */

/* Begin PBXTargetDependency section */
		C1AC1FBE2277265A003E0734 /* PBXTargetDependency */ = {
			isa = PBXTargetDependency;
			target = C1AC1FA722772658003E0734 /* XellissimeBook */;
			targetProxy = C1AC1FBD2277265A003E0734 /* PBXContainerItemProxy */;
		};
/* End PBXTargetDependency section */

/* Begin PBXVariantGroup section */
		C1AC1FAF22772658003E0734 /* Main.storyboard */ = {
			isa = PBXVariantGroup;
			children = (
				C1AC1FB022772658003E0734 /* Base */,
			);
			name = Main.storyboard;
			sourceTree = "<group>";
		};
		C1AC1FB42277265A003E0734 /* LaunchScreen.storyboard */ = {
			isa = PBXVariantGroup;
			children = (
				C1AC1FB52277265A003E0734 /* Base */,
			);
			name = LaunchScreen.storyboard;
			sourceTree = "<group>";
		};
/* End PBXVariantGroup section */

/* Begin XCBuildConfiguration section */
		C1AC1FC32277265A003E0734 /* Debug */ = {
			isa = XCBuildConfiguration;
			buildSettings = {
				ALWAYS_SEARCH_USER_PATHS = NO;
				CLANG_ANALYZER_NONNULL = YES;
				CLANG_ANALYZER_NUMBER_OBJECT_CONVERSION = YES_AGGRESSIVE;
				CLANG_CXX_LANGUAGE_STANDARD = "gnu++14";
				CLANG_CXX_LIBRARY = "libc++";
				CLANG_ENABLE_MODULES = YES;
				CLANG_ENABLE_OBJC_ARC = YES;
				CLANG_ENABLE_OBJC_WEAK = YES;
				CLANG_WARN_BLOCK_CAPTURE_AUTORELEASING = YES;
				CLANG_WARN_BOOL_CONVERSION = YES;
				CLANG_WARN_COMMA = YES;
				CLANG_WARN_CONSTANT_CONVERSION = YES;
				CLANG_WARN_DEPRECATED_OBJC_IMPLEMENTATIONS = YES;
				CLANG_WARN_DIRECT_OBJC_ISA_USAGE = YES_ERROR;
				CLANG_WARN_DOCUMENTATION_COMMENTS = YES;
				CLANG_WARN_EMPTY_BODY = YES;
				CLANG_WARN_ENUM_CONVERSION = YES;
				CLANG_WARN_INFINITE_RECURSION = YES;
				CLANG_WARN_INT_CONVERSION = YES;
				CLANG_WARN_NON_LITERAL_NULL_CONVERSION = YES;
				CLANG_WARN_OBJC_IMPLICIT_RETAIN_SELF = YES;
				CLANG_WARN_OBJC_LITERAL_CONVERSION = YES;
				CLANG_WARN_OBJC_ROOT_CLASS = YES_ERROR;
				CLANG_WARN_RANGE_LOOP_ANALYSIS = YES;
				CLANG_WARN_STRICT_PROTOTYPES = YES;
				CLANG_WARN_SUSPICIOUS_MOVE = YES;
				CLANG_WARN_UNGUARDED_AVAILABILITY = YES_AGGRESSIVE;
				CLANG_WARN_UNREACHABLE_CODE = YES;
				CLANG_WARN__DUPLICATE_METHOD_MATCH = YES;
				CODE_SIGN_IDENTITY = "iPhone Developer";
				COPY_PHASE_STRIP = NO;
				DEBUG_INFORMATION_FORMAT = dwarf;
				ENABLE_STRICT_OBJC_MSGSEND = YES;
				ENABLE_TESTABILITY = YES;
				GCC_C_LANGUAGE_STANDARD = gnu11;
				GCC_DYNAMIC_NO_PIC = NO;
				GCC_NO_COMMON_BLOCKS = YES;
				GCC_OPTIMIZATION_LEVEL = 0;
				GCC_PREPROCESSOR_DEFINITIONS = (
					"DEBUG=1",
					"$(inherited)",
				);
				GCC_WARN_64_TO_32_BIT_CONVERSION = YES;
				GCC_WARN_ABOUT_RETURN_TYPE = YES_ERROR;
				GCC_WARN_UNDECLARED_SELECTOR = YES;
				GCC_WARN_UNINITIALIZED_AUTOS = YES_AGGRESSIVE;
				GCC_WARN_UNUSED_FUNCTION = YES;
				GCC_WARN_UNUSED_VARIABLE = YES;
				IPHONEOS_DEPLOYMENT_TARGET = 12.2;
				MTL_ENABLE_DEBUG_INFO = INCLUDE_SOURCE;
				MTL_FAST_MATH = YES;
				ONLY_ACTIVE_ARCH = YES;
				SDKROOT = iphoneos;
				SWIFT_ACTIVE_COMPILATION_CONDITIONS = DEBUG;
				SWIFT_OPTIMIZATION_LEVEL = "-Onone";
			};
			name = Debug;
		};
		C1AC1FC42277265A003E0734 /* Release */ = {
			isa = XCBuildConfiguration;
			buildSettings = {
				ALWAYS_SEARCH_USER_PATHS = NO;
				CLANG_ANALYZER_NONNULL = YES;
				CLANG_ANALYZER_NUMBER_OBJECT_CONVERSION = YES_AGGRESSIVE;
				CLANG_CXX_LANGUAGE_STANDARD = "gnu++14";
				CLANG_CXX_LIBRARY = "libc++";
				CLANG_ENABLE_MODULES = YES;
				CLANG_ENABLE_OBJC_ARC = YES;
				CLANG_ENABLE_OBJC_WEAK = YES;
				CLANG_WARN_BLOCK_CAPTURE_AUTORELEASING = YES;
				CLANG_WARN_BOOL_CONVERSION = YES;
				CLANG_WARN_COMMA = YES;
				CLANG_WARN_CONSTANT_CONVERSION = YES;
				CLANG_WARN_DEPRECATED_OBJC_IMPLEMENTATIONS = YES;
				CLANG_WARN_DIRECT_OBJC_ISA_USAGE = YES_ERROR;
				CLANG_WARN_DOCUMENTATION_COMMENTS = YES;
				CLANG_WARN_EMPTY_BODY = YES;
				CLANG_WARN_ENUM_CONVERSION = YES;
				CLANG_WARN_INFINITE_RECURSION = YES;
				CLANG_WARN_INT_CONVERSION = YES;
				CLANG_WARN_NON_LITERAL_NULL_CONVERSION = YES;
				CLANG_WARN_OBJC_IMPLICIT_RETAIN_SELF = YES;
				CLANG_WARN_OBJC_LITERAL_CONVERSION = YES;
				CLANG_WARN_OBJC_ROOT_CLASS = YES_ERROR;
				CLANG_WARN_RANGE_LOOP_ANALYSIS = YES;
				CLANG_WARN_STRICT_PROTOTYPES = YES;
				CLANG_WARN_SUSPICIOUS_MOVE = YES;
				CLANG_WARN_UNGUARDED_AVAILABILITY = YES_AGGRESSIVE;
				CLANG_WARN_UNREACHABLE_CODE = YES;
				CLANG_WARN__DUPLICATE_METHOD_MATCH = YES;
				CODE_SIGN_IDENTITY = "iPhone Developer";
				COPY_PHASE_STRIP = NO;
				DEBUG_INFORMATION_FORMAT = "dwarf-with-dsym";
				ENABLE_NS_ASSERTIONS = NO;
				ENABLE_STRICT_OBJC_MSGSEND = YES;
				GCC_C_LANGUAGE_STANDARD = gnu11;
				GCC_NO_COMMON_BLOCKS = YES;
				GCC_WARN_64_TO_32_BIT_CONVERSION = YES;
				GCC_WARN_ABOUT_RETURN_TYPE = YES_ERROR;
				GCC_WARN_UNDECLARED_SELECTOR = YES;
				GCC_WARN_UNINITIALIZED_AUTOS = YES_AGGRESSIVE;
				GCC_WARN_UNUSED_FUNCTION = YES;
				GCC_WARN_UNUSED_VARIABLE = YES;
				IPHONEOS_DEPLOYMENT_TARGET = 12.2;
				MTL_ENABLE_DEBUG_INFO = NO;
				MTL_FAST_MATH = YES;
				SDKROOT = iphoneos;
				SWIFT_COMPILATION_MODE = wholemodule;
				SWIFT_OPTIMIZATION_LEVEL = "-O";
				VALIDATE_PRODUCT = YES;
			};
			name = Release;
		};
		C1AC1FC62277265A003E0734 /* Debug */ = {
			isa = XCBuildConfiguration;
			buildSettings = {
				ASSETCATALOG_COMPILER_APPICON_NAME = AppIcon;
				CODE_SIGN_STYLE = Automatic;
				DEVELOPMENT_TEAM = 2UG4LAMEK9;
				INFOPLIST_FILE = XellissimeBook/Info.plist;
				IPHONEOS_DEPLOYMENT_TARGET = 11.0;
				LD_RUNPATH_SEARCH_PATHS = (
					"$(inherited)",
					"@executable_path/Frameworks",
				);
				PRODUCT_BUNDLE_IDENTIFIER = com.GROSSON.XellissimeBook;
				PRODUCT_NAME = "$(TARGET_NAME)";
				SWIFT_VERSION = 5.0;
				TARGETED_DEVICE_FAMILY = "1,2";
			};
			name = Debug;
		};
		C1AC1FC72277265A003E0734 /* Release */ = {
			isa = XCBuildConfiguration;
			buildSettings = {
				ASSETCATALOG_COMPILER_APPICON_NAME = AppIcon;
				CODE_SIGN_STYLE = Automatic;
				DEVELOPMENT_TEAM = 2UG4LAMEK9;
				INFOPLIST_FILE = XellissimeBook/Info.plist;
				IPHONEOS_DEPLOYMENT_TARGET = 11.0;
				LD_RUNPATH_SEARCH_PATHS = (
					"$(inherited)",
					"@executable_path/Frameworks",
				);
				PRODUCT_BUNDLE_IDENTIFIER = com.GROSSON.XellissimeBook;
				PRODUCT_NAME = "$(TARGET_NAME)";
				SWIFT_VERSION = 5.0;
				TARGETED_DEVICE_FAMILY = "1,2";
			};
			name = Release;
		};
		C1AC1FC92277265A003E0734 /* Debug */ = {
			isa = XCBuildConfiguration;
			buildSettings = {
				ALWAYS_EMBED_SWIFT_STANDARD_LIBRARIES = YES;
				BUNDLE_LOADER = "$(TEST_HOST)";
				CODE_SIGN_STYLE = Automatic;
				DEVELOPMENT_TEAM = 2UG4LAMEK9;
				INFOPLIST_FILE = XellissimeBookTests/Info.plist;
				LD_RUNPATH_SEARCH_PATHS = (
					"$(inherited)",
					"@executable_path/Frameworks",
					"@loader_path/Frameworks",
				);
				PRODUCT_BUNDLE_IDENTIFIER = com.GROSSON.XellissimeBookTests;
				PRODUCT_NAME = "$(TARGET_NAME)";
				SWIFT_VERSION = 5.0;
				TARGETED_DEVICE_FAMILY = "1,2";
				TEST_HOST = "$(BUILT_PRODUCTS_DIR)/XellissimeBook.app/XellissimeBook";
			};
			name = Debug;
		};
		C1AC1FCA2277265A003E0734 /* Release */ = {
			isa = XCBuildConfiguration;
			buildSettings = {
				ALWAYS_EMBED_SWIFT_STANDARD_LIBRARIES = YES;
				BUNDLE_LOADER = "$(TEST_HOST)";
				CODE_SIGN_STYLE = Automatic;
				DEVELOPMENT_TEAM = 2UG4LAMEK9;
				INFOPLIST_FILE = XellissimeBookTests/Info.plist;
				LD_RUNPATH_SEARCH_PATHS = (
					"$(inherited)",
					"@executable_path/Frameworks",
					"@loader_path/Frameworks",
				);
				PRODUCT_BUNDLE_IDENTIFIER = com.GROSSON.XellissimeBookTests;
				PRODUCT_NAME = "$(TARGET_NAME)";
				SWIFT_VERSION = 5.0;
				TARGETED_DEVICE_FAMILY = "1,2";
				TEST_HOST = "$(BUILT_PRODUCTS_DIR)/XellissimeBook.app/XellissimeBook";
			};
			name = Release;
		};
/* End XCBuildConfiguration section */

/* Begin XCConfigurationList section */
		C1AC1FA322772658003E0734 /* Build configuration list for PBXProject "XellissimeBook" */ = {
			isa = XCConfigurationList;
			buildConfigurations = (
				C1AC1FC32277265A003E0734 /* Debug */,
				C1AC1FC42277265A003E0734 /* Release */,
			);
			defaultConfigurationIsVisible = 0;
			defaultConfigurationName = Release;
		};
		C1AC1FC52277265A003E0734 /* Build configuration list for PBXNativeTarget "XellissimeBook" */ = {
			isa = XCConfigurationList;
			buildConfigurations = (
				C1AC1FC62277265A003E0734 /* Debug */,
				C1AC1FC72277265A003E0734 /* Release */,
			);
			defaultConfigurationIsVisible = 0;
			defaultConfigurationName = Release;
		};
		C1AC1FC82277265A003E0734 /* Build configuration list for PBXNativeTarget "XellissimeBookTests" */ = {
			isa = XCConfigurationList;
			buildConfigurations = (
				C1AC1FC92277265A003E0734 /* Debug */,
				C1AC1FCA2277265A003E0734 /* Release */,
			);
			defaultConfigurationIsVisible = 0;
			defaultConfigurationName = Release;
		};
/* End XCConfigurationList section */
	};
	rootObject = C1AC1FA022772658003E0734 /* Project object */;
}
